<?xml version="1.0" encoding="utf-8"?>
<Project ToolsVersion="4.0" xmlns="http://schemas.microsoft.com/developer/msbuild/2003">
  <ItemGroup>
    <Filter Include="Source Files">
      <UniqueIdentifier>{4FC737F1-C7A5-4376-A066-2A32D752A2FF}</UniqueIdentifier>
      <Extensions>cpp;c;cc;cxx;def;odl;idl;hpj;bat;asm;asmx</Extensions>
    </Filter>
    <Filter Include="Header Files">
      <UniqueIdentifier>{93995380-89BD-4b04-88EB-625FBE52EBFB}</UniqueIdentifier>
      <Extensions>h;hpp;hxx;hm;inl;inc;xsd</Extensions>
    </Filter>
    <Filter Include="Resource Files">
      <UniqueIdentifier>{67DA6AB6-F800-4c08-8B7A-83BB121AAD01}</UniqueIdentifier>
      <Extensions>rc;ico;cur;bmp;dlg;rc2;rct;bin;rgs;gif;jpg;jpeg;jpe;resx;tiff;tif;png;wav;mfcribbon-ms</Extensions>
    </Filter>
  </ItemGroup>
  <ItemGroup>
    <ClInclude Include="..\..\include\siglib.h">
      <Filter>Header Files</Filter>
    </ClInclude>
  </ItemGroup>
  <ItemGroup>
    <ClCompile Include="..\window.c">
      <Filter>Source Files</Filter>
    </ClCompile>
    <ClCompile Include="..\adaptive.c">
      <Filter>Source Files</Filter>
    </ClCompile>
    <ClCompile Include="..\arbfft.c">
      <Filter>Source Files</Filter>
    </ClCompile>
    <ClCompile Include="..\chirpz.c">
      <Filter>Source Files</Filter>
    </ClCompile>
    <ClCompile Include="..\comms.c">
      <Filter>Source Files</Filter>
    </ClCompile>
    <ClCompile Include="..\complex.c">
      <Filter>Source Files</Filter>
    </ClCompile>
    <ClCompile Include="..\complexa.c">
      <Filter>Source Files</Filter>
    </ClCompile>
    <ClCompile Include="..\control.c">
      <Filter>Source Files</Filter>
    </ClCompile>
    <ClCompile Include="..\convolve.c">
      <Filter>Source Files</Filter>
    </ClCompile>
    <ClCompile Include="..\datatype.c">
      <Filter>Source Files</Filter>
    </ClCompile>
    <ClCompile Include="..\decint.c">
      <Filter>Source Files</Filter>
    </ClCompile>
    <ClCompile Include="..\delay.c">
      <Filter>Source Files</Filter>
    </ClCompile>
    <ClCompile Include="..\dsputil2.c">
      <Filter>Source Files</Filter>
    </ClCompile>
    <ClCompile Include="..\dsputil3.c">
      <Filter>Source Files</Filter>
    </ClCompile>
    <ClCompile Include="..\dsputils.c">
      <Filter>Source Files</Filter>
    </ClCompile>
    <ClCompile Include="..\dtmf.c">
      <Filter>Source Files</Filter>
    </ClCompile>
    <ClCompile Include="..\fdfilter.c">
      <Filter>Source Files</Filter>
    </ClCompile>
    <ClCompile Include="..\ffourier.c">
      <Filter>Source Files</Filter>
    </ClCompile>
    <ClCompile Include="..\filter.c">
      <Filter>Source Files</Filter>
    </ClCompile>
    <ClCompile Include="..\firfilt.c">
      <Filter>Source Files</Filter>
    </ClCompile>
    <ClCompile Include="..\fourier.c">
      <Filter>Source Files</Filter>
    </ClCompile>
    <ClCompile Include="..\icoder.c">
      <Filter>Source Files</Filter>
    </ClCompile>
    <ClCompile Include="..\iirfilt.c">
      <Filter>Source Files</Filter>
    </ClCompile>
    <ClCompile Include="..\image.c">
      <Filter>Source Files</Filter>
    </ClCompile>
    <ClCompile Include="..\matrix.c">
      <Filter>Source Files</Filter>
    </ClCompile>
    <ClCompile Include="..\minmax.c">
      <Filter>Source Files</Filter>
    </ClCompile>
    <ClCompile Include="..\mod_a.c">
      <Filter>Source Files</Filter>
    </ClCompile>
    <ClCompile Include="..\mod_d.c">
      <Filter>Source Files</Filter>
    </ClCompile>
    <ClCompile Include="..\modem.c">
      <Filter>Source Files</Filter>
    </ClCompile>
    <ClCompile Include="..\mux.c">
      <Filter>Source Files</Filter>
    </ClCompile>
    <ClCompile Include="..\order.c">
      <Filter>Source Files</Filter>
    </ClCompile>
    <ClCompile Include="..\prbs.c">
      <Filter>Source Files</Filter>
    </ClCompile>
    <ClCompile Include="..\pspect.c">
      <Filter>Source Files</Filter>
    </ClCompile>
    <ClCompile Include="..\regress.c">
      <Filter>Source Files</Filter>
    </ClCompile>
    <ClCompile Include="..\siggen.c">
      <Filter>Source Files</Filter>
    </ClCompile>
    <ClCompile Include="..\siglib.c">
      <Filter>Source Files</Filter>
    </ClCompile>
    <ClCompile Include="..\smath.c">
      <Filter>Source Files</Filter>
    </ClCompile>
    <ClCompile Include="..\speech.c">
      <Filter>Source Files</Filter>
    </ClCompile>
    <ClCompile Include="..\stats.c">
      <Filter>Source Files</Filter>
    </ClCompile>
    <ClCompile Include="..\timing.c">
      <Filter>Source Files</Filter>
    </ClCompile>
    <ClCompile Include="..\trig.c">
      <Filter>Source Files</Filter>
    </ClCompile>
    <ClCompile Include="..\viterbi.c">
      <Filter>Source Files</Filter>
    </ClCompile>
    <ClCompile Include="..\correlate.c">
      <Filter>Source Files</Filter>
    </ClCompile>
    <ClCompile Include="..\acoustic.c">
      <Filter>Source Files</Filter>
    </ClCompile>
    <ClCompile Include="..\file_io.c">
      <Filter>Source Files</Filter>
    </ClCompile>
    <ClCompile Include="..\machinelearning.c">
      <Filter>Source Files</Filter>
    </ClCompile>
  </ItemGroup>
</Project>